
Microsoft Visual Studio Solution File, Format Version 12.00
# Visual Studio 15
Project("{FAE04EC0-301F-11D3-BF4B-00C04F79EFBC}") = "UnityEngine.UI", "UnityEngine.UI.csproj", "{D6AC42C3-C556-96D7-4BDD-8D84A7D5AFD5}"
EndProject
Project("{FAE04EC0-301F-11D3-BF4B-00C04F79EFBC}") = "UnityEngine.TestRunner", "UnityEngine.TestRunner.csproj", "{5AC26354-C419-C44B-7AB8-2AD3D4600CA4}"
EndProject
Project("{FAE04EC0-301F-11D3-BF4B-00C04F79EFBC}") = "Unity.Timeline", "Unity.Timeline.csproj", "{0D41ED18-2FFB-65FC-04F0-16437ACA8716}"
EndProject
Project("{FAE04EC0-301F-11D3-BF4B-00C04F79EFBC}") = "CW.Common", "CW.Common.csproj", "{94CD6D29-2A7A-61A3-B01D-3DD155478353}"
EndProject
Project("{FAE04EC0-301F-11D3-BF4B-00C04F79EFBC}") = "LeanCommon", "LeanCommon.csproj", "{053CF1F2-A92B-D57A-AA5B-82BE79C16199}"
EndProject
Project("{FAE04EC0-301F-11D3-BF4B-00C04F79EFBC}") = "Assembly-CSharp", "Assembly-CSharp.csproj", "{592FF190-2DA8-C43C-CDFC-D9844E36162B}"
EndProject
Project("{FAE04EC0-301F-11D3-BF4B-00C04F79EFBC}") = "Unity.TextMeshPro", "Unity.TextMeshPro.csproj", "{0A6B8695-97D0-2D6E-315A-A7511CC54E3D}"
EndProject
Project("{FAE04EC0-301F-11D3-BF4B-00C04F79EFBC}") = "LeanTouch", "LeanTouch.csproj", "{923C608A-E67A-8387-11B5-5EF3178CF968}"
EndProject
Project("{FAE04EC0-301F-11D3-BF4B-00C04F79EFBC}") = "VuforiaScripts", "VuforiaScripts.csproj", "{DEEC2FB3-580A-32C6-F46D-4A134DCBD071}"
EndProject
Project("{FAE04EC0-301F-11D3-BF4B-00C04F79EFBC}") = "UnityEditor.TestRunner", "UnityEditor.TestRunner.csproj", "{743E9076-6917-EFE8-20CF-C6D532CC52D4}"
EndProject
Project("{FAE04EC0-301F-11D3-BF4B-00C04F79EFBC}") = "Unity.PlasticSCM.Editor", "Unity.PlasticSCM.Editor.csproj", "{67595DFD-F86B-30A9-2A8E-C62BEB3F04D6}"
EndProject
Project("{FAE04EC0-301F-11D3-BF4B-00C04F79EFBC}") = "UnityEditor.UI", "UnityEditor.UI.csproj", "{B580EB92-FD9A-DBA1-CCB7-C60C055B1AC5}"
EndProject
Project("{FAE04EC0-301F-11D3-BF4B-00C04F79EFBC}") = "Unity.Timeline.Editor", "Unity.Timeline.Editor.csproj", "{9D7ADAAE-246C-7D9C-C734-303019B7481F}"
EndProject
Project("{FAE04EC0-301F-11D3-BF4B-00C04F79EFBC}") = "Unity.VisualStudio.Editor", "Unity.VisualStudio.Editor.csproj", "{C9CD7D93-003E-0E0F-AEE8-02094C76AEEE}"
EndProject
Project("{FAE04EC0-301F-11D3-BF4B-00C04F79EFBC}") = "Unity.TextMeshPro.Editor", "Unity.TextMeshPro.Editor.csproj", "{C597B874-EAC9-9546-156F-6690E7974C1E}"
EndProject
Project("{FAE04EC0-301F-11D3-BF4B-00C04F79EFBC}") = "Unity.Rider.Editor", "Unity.Rider.Editor.csproj", "{80F6AAB2-797F-BD7E-1B80-98007249BE73}"
EndProject
Project("{FAE04EC0-301F-11D3-BF4B-00C04F79EFBC}") = "Unity.VSCode.Editor", "Unity.VSCode.Editor.csproj", "{1470E5DC-6A9D-595F-93CE-6435B61DA2D9}"
EndProject
Project("{FAE04EC0-301F-11D3-BF4B-00C04F79EFBC}") = "Unity.CollabProxy.Editor", "Unity.CollabProxy.Editor.csproj", "{962AD556-6175-8A04-341A-9D9F8E4E904F}"
EndProject
Project("{FAE04EC0-301F-11D3-BF4B-00C04F79EFBC}") = "EditorMigrationScripts", "EditorMigrationScripts.csproj", "{ED54B7DE-921D-5154-B5C5-83115C98DE14}"
EndProject
Project("{FAE04EC0-301F-11D3-BF4B-00C04F79EFBC}") = "VuforiaEditorScripts", "VuforiaEditorScripts.csproj", "{89B73250-7A0D-1826-8478-7079FD7C8F67}"
EndProject
Project("{FAE04EC0-301F-11D3-BF4B-00C04F79EFBC}") = "UnityEngine.UI", "UnityEngine.UI.Player.csproj", "{70A6495A-EC3A-B499-41AF-184FBBAA735D}"
EndProject
Project("{FAE04EC0-301F-11D3-BF4B-00C04F79EFBC}") = "UnityEngine.TestRunner", "UnityEngine.TestRunner.Player.csproj", "{A5FF1382-F539-5263-15F4-A5086B6D95DE}"
EndProject
Project("{FAE04EC0-301F-11D3-BF4B-00C04F79EFBC}") = "Unity.Timeline", "Unity.Timeline.Player.csproj", "{DA57C286-3BE0-F83C-C347-7F947C7EAA8F}"
EndProject
Project("{FAE04EC0-301F-11D3-BF4B-00C04F79EFBC}") = "CW.Common", "CW.Common.Player.csproj", "{76E9C6B9-BD9F-CAAF-63B9-40DF41715C48}"
EndProject
Project("{FAE04EC0-301F-11D3-BF4B-00C04F79EFBC}") = "LeanCommon", "LeanCommon.Player.csproj", "{5F6B8992-C6F8-5A6F-7FF8-C64600A6B29C}"
EndProject
Project("{FAE04EC0-301F-11D3-BF4B-00C04F79EFBC}") = "Assembly-CSharp", "Assembly-CSharp.Player.csproj", "{B34767EE-9C13-A6BB-14FA-AA538ED630F8}"
EndProject
Project("{FAE04EC0-301F-11D3-BF4B-00C04F79EFBC}") = "Unity.TextMeshPro", "Unity.TextMeshPro.Player.csproj", "{4505DE1D-AB52-A37A-52B3-1A4A7F6C68AD}"
EndProject
Project("{FAE04EC0-301F-11D3-BF4B-00C04F79EFBC}") = "LeanTouch", "LeanTouch.Player.csproj", "{D36CF0C7-EDBE-3526-3D51-E60DA0FFACFA}"
EndProject
Project("{FAE04EC0-301F-11D3-BF4B-00C04F79EFBC}") = "VuforiaScripts", "VuforiaScripts.Player.csproj", "{71FDC49B-2C7E-7EBE-B721-36068B45E1F3}"
EndProject
Global
	GlobalSection(SolutionConfigurationPlatforms) = preSolution
		Debug|Any CPU = Debug|Any CPU
		Release|Any CPU = Release|Any CPU
	EndGlobalSection
	GlobalSection(ProjectConfigurationPlatforms) = postSolution
		{D6AC42C3-C556-96D7-4BDD-8D84A7D5AFD5}.Debug|Any CPU.ActiveCfg = Debug|Any CPU
		{D6AC42C3-C556-96D7-4BDD-8D84A7D5AFD5}.Debug|Any CPU.Build.0 = Debug|Any CPU
		{D6AC42C3-C556-96D7-4BDD-8D84A7D5AFD5}.Release|Any CPU.ActiveCfg = Release|Any CPU
		{D6AC42C3-C556-96D7-4BDD-8D84A7D5AFD5}.Release|Any CPU.Build.0 = Release|Any CPU
		{5AC26354-C419-C44B-7AB8-2AD3D4600CA4}.Debug|Any CPU.ActiveCfg = Debug|Any CPU
		{5AC26354-C419-C44B-7AB8-2AD3D4600CA4}.Debug|Any CPU.Build.0 = Debug|Any CPU
		{5AC26354-C419-C44B-7AB8-2AD3D4600CA4}.Release|Any CPU.ActiveCfg = Release|Any CPU
		{5AC26354-C419-C44B-7AB8-2AD3D4600CA4}.Release|Any CPU.Build.0 = Release|Any CPU
		{0D41ED18-2FFB-65FC-04F0-16437ACA8716}.Debug|Any CPU.ActiveCfg = Debug|Any CPU
		{0D41ED18-2FFB-65FC-04F0-16437ACA8716}.Debug|Any CPU.Build.0 = Debug|Any CPU
		{0D41ED18-2FFB-65FC-04F0-16437ACA8716}.Release|Any CPU.ActiveCfg = Release|Any CPU
		{0D41ED18-2FFB-65FC-04F0-16437ACA8716}.Release|Any CPU.Build.0 = Release|Any CPU
		{94CD6D29-2A7A-61A3-B01D-3DD155478353}.Debug|Any CPU.ActiveCfg = Debug|Any CPU
		{94CD6D29-2A7A-61A3-B01D-3DD155478353}.Debug|Any CPU.Build.0 = Debug|Any CPU
		{94CD6D29-2A7A-61A3-B01D-3DD155478353}.Release|Any CPU.ActiveCfg = Release|Any CPU
		{94CD6D29-2A7A-61A3-B01D-3DD155478353}.Release|Any CPU.Build.0 = Release|Any CPU
		{053CF1F2-A92B-D57A-AA5B-82BE79C16199}.Debug|Any CPU.ActiveCfg = Debug|Any CPU
		{053CF1F2-A92B-D57A-AA5B-82BE79C16199}.Debug|Any CPU.Build.0 = Debug|Any CPU
		{053CF1F2-A92B-D57A-AA5B-82BE79C16199}.Release|Any CPU.ActiveCfg = Release|Any CPU
		{053CF1F2-A92B-D57A-AA5B-82BE79C16199}.Release|Any CPU.Build.0 = Release|Any CPU
		{592FF190-2DA8-C43C-CDFC-D9844E36162B}.Debug|Any CPU.ActiveCfg = Debug|Any CPU
		{592FF190-2DA8-C43C-CDFC-D9844E36162B}.Debug|Any CPU.Build.0 = Debug|Any CPU
		{592FF190-2DA8-C43C-CDFC-D9844E36162B}.Release|Any CPU.ActiveCfg = Release|Any CPU
		{592FF190-2DA8-C43C-CDFC-D9844E36162B}.Release|Any CPU.Build.0 = Release|Any CPU
		{0A6B8695-97D0-2D6E-315A-A7511CC54E3D}.Debug|Any CPU.ActiveCfg = Debug|Any CPU
		{0A6B8695-97D0-2D6E-315A-A7511CC54E3D}.Debug|Any CPU.Build.0 = Debug|Any CPU
		{0A6B8695-97D0-2D6E-315A-A7511CC54E3D}.Release|Any CPU.ActiveCfg = Release|Any CPU
		{0A6B8695-97D0-2D6E-315A-A7511CC54E3D}.Release|Any CPU.Build.0 = Release|Any CPU
		{923C608A-E67A-8387-11B5-5EF3178CF968}.Debug|Any CPU.ActiveCfg = Debug|Any CPU
		{923C608A-E67A-8387-11B5-5EF3178CF968}.Debug|Any CPU.Build.0 = Debug|Any CPU
		{923C608A-E67A-8387-11B5-5EF3178CF968}.Release|Any CPU.ActiveCfg = Release|Any CPU
		{923C608A-E67A-8387-11B5-5EF3178CF968}.Release|Any CPU.Build.0 = Release|Any CPU
		{DEEC2FB3-580A-32C6-F46D-4A134DCBD071}.Debug|Any CPU.ActiveCfg = Debug|Any CPU
		{DEEC2FB3-580A-32C6-F46D-4A134DCBD071}.Debug|Any CPU.Build.0 = Debug|Any CPU
		{DEEC2FB3-580A-32C6-F46D-4A134DCBD071}.Release|Any CPU.ActiveCfg = Release|Any CPU
		{DEEC2FB3-580A-32C6-F46D-4A134DCBD071}.Release|Any CPU.Build.0 = Release|Any CPU
		{743E9076-6917-EFE8-20CF-C6D532CC52D4}.Debug|Any CPU.ActiveCfg = Debug|Any CPU
		{743E9076-6917-EFE8-20CF-C6D532CC52D4}.Debug|Any CPU.Build.0 = Debug|Any CPU
		{743E9076-6917-EFE8-20CF-C6D532CC52D4}.Release|Any CPU.ActiveCfg = Release|Any CPU
		{743E9076-6917-EFE8-20CF-C6D532CC52D4}.Release|Any CPU.Build.0 = Release|Any CPU
		{67595DFD-F86B-30A9-2A8E-C62BEB3F04D6}.Debug|Any CPU.ActiveCfg = Debug|Any CPU
		{67595DFD-F86B-30A9-2A8E-C62BEB3F04D6}.Debug|Any CPU.Build.0 = Debug|Any CPU
		{67595DFD-F86B-30A9-2A8E-C62BEB3F04D6}.Release|Any CPU.ActiveCfg = Release|Any CPU
		{67595DFD-F86B-30A9-2A8E-C62BEB3F04D6}.Release|Any CPU.Build.0 = Release|Any CPU
		{B580EB92-FD9A-DBA1-CCB7-C60C055B1AC5}.Debug|Any CPU.ActiveCfg = Debug|Any CPU
		{B580EB92-FD9A-DBA1-CCB7-C60C055B1AC5}.Debug|Any CPU.Build.0 = Debug|Any CPU
		{B580EB92-FD9A-DBA1-CCB7-C60C055B1AC5}.Release|Any CPU.ActiveCfg = Release|Any CPU
		{B580EB92-FD9A-DBA1-CCB7-C60C055B1AC5}.Release|Any CPU.Build.0 = Release|Any CPU
		{9D7ADAAE-246C-7D9C-C734-303019B7481F}.Debug|Any CPU.ActiveCfg = Debug|Any CPU
		{9D7ADAAE-246C-7D9C-C734-303019B7481F}.Debug|Any CPU.Build.0 = Debug|Any CPU
		{9D7ADAAE-246C-7D9C-C734-303019B7481F}.Release|Any CPU.ActiveCfg = Release|Any CPU
		{9D7ADAAE-246C-7D9C-C734-303019B7481F}.Release|Any CPU.Build.0 = Release|Any CPU
		{C9CD7D93-003E-0E0F-AEE8-02094C76AEEE}.Debug|Any CPU.ActiveCfg = Debug|Any CPU
		{C9CD7D93-003E-0E0F-AEE8-02094C76AEEE}.Debug|Any CPU.Build.0 = Debug|Any CPU
		{C9CD7D93-003E-0E0F-AEE8-02094C76AEEE}.Release|Any CPU.ActiveCfg = Release|Any CPU
		{C9CD7D93-003E-0E0F-AEE8-02094C76AEEE}.Release|Any CPU.Build.0 = Release|Any CPU
		{C597B874-EAC9-9546-156F-6690E7974C1E}.Debug|Any CPU.ActiveCfg = Debug|Any CPU
		{C597B874-EAC9-9546-156F-6690E7974C1E}.Debug|Any CPU.Build.0 = Debug|Any CPU
		{C597B874-EAC9-9546-156F-6690E7974C1E}.Release|Any CPU.ActiveCfg = Release|Any CPU
		{C597B874-EAC9-9546-156F-6690E7974C1E}.Release|Any CPU.Build.0 = Release|Any CPU
		{80F6AAB2-797F-BD7E-1B80-98007249BE73}.Debug|Any CPU.ActiveCfg = Debug|Any CPU
		{80F6AAB2-797F-BD7E-1B80-98007249BE73}.Debug|Any CPU.Build.0 = Debug|Any CPU
		{80F6AAB2-797F-BD7E-1B80-98007249BE73}.Release|Any CPU.ActiveCfg = Release|Any CPU
		{80F6AAB2-797F-BD7E-1B80-98007249BE73}.Release|Any CPU.Build.0 = Release|Any CPU
		{1470E5DC-6A9D-595F-93CE-6435B61DA2D9}.Debug|Any CPU.ActiveCfg = Debug|Any CPU
		{1470E5DC-6A9D-595F-93CE-6435B61DA2D9}.Debug|Any CPU.Build.0 = Debug|Any CPU
		{1470E5DC-6A9D-595F-93CE-6435B61DA2D9}.Release|Any CPU.ActiveCfg = Release|Any CPU
		{1470E5DC-6A9D-595F-93CE-6435B61DA2D9}.Release|Any CPU.Build.0 = Release|Any CPU
		{962AD556-6175-8A04-341A-9D9F8E4E904F}.Debug|Any CPU.ActiveCfg = Debug|Any CPU
		{962AD556-6175-8A04-341A-9D9F8E4E904F}.Debug|Any CPU.Build.0 = Debug|Any CPU
		{962AD556-6175-8A04-341A-9D9F8E4E904F}.Release|Any CPU.ActiveCfg = Release|Any CPU
		{962AD556-6175-8A04-341A-9D9F8E4E904F}.Release|Any CPU.Build.0 = Release|Any CPU
		{ED54B7DE-921D-5154-B5C5-83115C98DE14}.Debug|Any CPU.ActiveCfg = Debug|Any CPU
		{ED54B7DE-921D-5154-B5C5-83115C98DE14}.Debug|Any CPU.Build.0 = Debug|Any CPU
		{ED54B7DE-921D-5154-B5C5-83115C98DE14}.Release|Any CPU.ActiveCfg = Release|Any CPU
		{ED54B7DE-921D-5154-B5C5-83115C98DE14}.Release|Any CPU.Build.0 = Release|Any CPU
		{89B73250-7A0D-1826-8478-7079FD7C8F67}.Debug|Any CPU.ActiveCfg = Debug|Any CPU
		{89B73250-7A0D-1826-8478-7079FD7C8F67}.Debug|Any CPU.Build.0 = Debug|Any CPU
		{89B73250-7A0D-1826-8478-7079FD7C8F67}.Release|Any CPU.ActiveCfg = Release|Any CPU
		{89B73250-7A0D-1826-8478-7079FD7C8F67}.Release|Any CPU.Build.0 = Release|Any CPU
		{70A6495A-EC3A-B499-41AF-184FBBAA735D}.Debug|Any CPU.ActiveCfg = Debug|Any CPU
		{70A6495A-EC3A-B499-41AF-184FBBAA735D}.Debug|Any CPU.Build.0 = Debug|Any CPU
		{70A6495A-EC3A-B499-41AF-184FBBAA735D}.Release|Any CPU.ActiveCfg = Release|Any CPU
		{70A6495A-EC3A-B499-41AF-184FBBAA735D}.Release|Any CPU.Build.0 = Release|Any CPU
		{A5FF1382-F539-5263-15F4-A5086B6D95DE}.Debug|Any CPU.ActiveCfg = Debug|Any CPU
		{A5FF1382-F539-5263-15F4-A5086B6D95DE}.Debug|Any CPU.Build.0 = Debug|Any CPU
		{A5FF1382-F539-5263-15F4-A5086B6D95DE}.Release|Any CPU.ActiveCfg = Release|Any CPU
		{A5FF1382-F539-5263-15F4-A5086B6D95DE}.Release|Any CPU.Build.0 = Release|Any CPU
		{DA57C286-3BE0-F83C-C347-7F947C7EAA8F}.Debug|Any CPU.ActiveCfg = Debug|Any CPU
		{DA57C286-3BE0-F83C-C347-7F947C7EAA8F}.Debug|Any CPU.Build.0 = Debug|Any CPU
		{DA57C286-3BE0-F83C-C347-7F947C7EAA8F}.Release|Any CPU.ActiveCfg = Release|Any CPU
		{DA57C286-3BE0-F83C-C347-7F947C7EAA8F}.Release|Any CPU.Build.0 = Release|Any CPU
		{76E9C6B9-BD9F-CAAF-63B9-40DF41715C48}.Debug|Any CPU.ActiveCfg = Debug|Any CPU
		{76E9C6B9-BD9F-CAAF-63B9-40DF41715C48}.Debug|Any CPU.Build.0 = Debug|Any CPU
		{76E9C6B9-BD9F-CAAF-63B9-40DF41715C48}.Release|Any CPU.ActiveCfg = Release|Any CPU
		{76E9C6B9-BD9F-CAAF-63B9-40DF41715C48}.Release|Any CPU.Build.0 = Release|Any CPU
		{5F6B8992-C6F8-5A6F-7FF8-C64600A6B29C}.Debug|Any CPU.ActiveCfg = Debug|Any CPU
		{5F6B8992-C6F8-5A6F-7FF8-C64600A6B29C}.Debug|Any CPU.Build.0 = Debug|Any CPU
		{5F6B8992-C6F8-5A6F-7FF8-C64600A6B29C}.Release|Any CPU.ActiveCfg = Release|Any CPU
		{5F6B8992-C6F8-5A6F-7FF8-C64600A6B29C}.Release|Any CPU.Build.0 = Release|Any CPU
		{B34767EE-9C13-A6BB-14FA-AA538ED630F8}.Debug|Any CPU.ActiveCfg = Debug|Any CPU
		{B34767EE-9C13-A6BB-14FA-AA538ED630F8}.Debug|Any CPU.Build.0 = Debug|Any CPU
		{B34767EE-9C13-A6BB-14FA-AA538ED630F8}.Release|Any CPU.ActiveCfg = Release|Any CPU
		{B34767EE-9C13-A6BB-14FA-AA538ED630F8}.Release|Any CPU.Build.0 = Release|Any CPU
		{4505DE1D-AB52-A37A-52B3-1A4A7F6C68AD}.Debug|Any CPU.ActiveCfg = Debug|Any CPU
		{4505DE1D-AB52-A37A-52B3-1A4A7F6C68AD}.Debug|Any CPU.Build.0 = Debug|Any CPU
		{4505DE1D-AB52-A37A-52B3-1A4A7F6C68AD}.Release|Any CPU.ActiveCfg = Release|Any CPU
		{4505DE1D-AB52-A37A-52B3-1A4A7F6C68AD}.Release|Any CPU.Build.0 = Release|Any CPU
		{D36CF0C7-EDBE-3526-3D51-E60DA0FFACFA}.Debug|Any CPU.ActiveCfg = Debug|Any CPU
		{D36CF0C7-EDBE-3526-3D51-E60DA0FFACFA}.Debug|Any CPU.Build.0 = Debug|Any CPU
		{D36CF0C7-EDBE-3526-3D51-E60DA0FFACFA}.Release|Any CPU.ActiveCfg = Release|Any CPU
		{D36CF0C7-EDBE-3526-3D51-E60DA0FFACFA}.Release|Any CPU.Build.0 = Release|Any CPU
		{71FDC49B-2C7E-7EBE-B721-36068B45E1F3}.Debug|Any CPU.ActiveCfg = Debug|Any CPU
		{71FDC49B-2C7E-7EBE-B721-36068B45E1F3}.Debug|Any CPU.Build.0 = Debug|Any CPU
		{71FDC49B-2C7E-7EBE-B721-36068B45E1F3}.Release|Any CPU.ActiveCfg = Release|Any CPU
		{71FDC49B-2C7E-7EBE-B721-36068B45E1F3}.Release|Any CPU.Build.0 = Release|Any CPU
	EndGlobalSection
	GlobalSection(SolutionProperties) = preSolution
		HideSolutionNode = FALSE
	EndGlobalSection
EndGlobal
