
Microsoft Visual Studio Solution File, Format Version 12.00
# Visual Studio 15
Project("{FAE04EC0-301F-11D3-BF4B-00C04F79EFBC}") = "UnityEngine.UI", "UnityEngine.UI.csproj", "{F863CF8D-F1BD-115B-0B7E-0045119F57E5}"
EndProject
Project("{FAE04EC0-301F-11D3-BF4B-00C04F79EFBC}") = "UnityEngine.TestRunner", "UnityEngine.TestRunner.csproj", "{E2C8CDB0-8ED7-73BB-78F6-2CD2F350709F}"
EndProject
Project("{FAE04EC0-301F-11D3-BF4B-00C04F79EFBC}") = "Unity.Timeline", "Unity.Timeline.csproj", "{1ED763E3-CFCF-E0C9-75DA-4040D0516CDD}"
EndProject
Project("{FAE04EC0-301F-11D3-BF4B-00C04F79EFBC}") = "CW.Common", "CW.Common.csproj", "{B619503C-A89C-7744-7BBB-371144BDB18B}"
EndProject
Project("{FAE04EC0-301F-11D3-BF4B-00C04F79EFBC}") = "LeanCommon", "LeanCommon.csproj", "{42D0A183-5B12-B3D3-BE46-276F2684F60A}"
EndProject
Project("{FAE04EC0-301F-11D3-BF4B-00C04F79EFBC}") = "Unity.TextMeshPro", "Unity.TextMeshPro.csproj", "{EDAD4A00-6403-D84C-A57E-DD064CB8EBC1}"
EndProject
Project("{FAE04EC0-301F-11D3-BF4B-00C04F79EFBC}") = "LeanTouch", "LeanTouch.csproj", "{A95CB8A4-7D9E-0D3C-7E58-7859253ADD31}"
EndProject
Project("{FAE04EC0-301F-11D3-BF4B-00C04F79EFBC}") = "VuforiaScripts", "VuforiaScripts.csproj", "{88D82F8F-51DF-D5D1-3E65-800CFBC1A9AE}"
EndProject
Project("{FAE04EC0-301F-11D3-BF4B-00C04F79EFBC}") = "Assembly-CSharp", "Assembly-CSharp.csproj", "{6C50D124-D636-9C79-6861-FB7E29BF9093}"
EndProject
Project("{FAE04EC0-301F-11D3-BF4B-00C04F79EFBC}") = "UnityEditor.TestRunner", "UnityEditor.TestRunner.csproj", "{3C6327AF-3DDF-F2C3-D73E-DE3DD3C60882}"
EndProject
Project("{FAE04EC0-301F-11D3-BF4B-00C04F79EFBC}") = "Unity.PlasticSCM.Editor", "Unity.PlasticSCM.Editor.csproj", "{4E29A565-20FC-A318-3358-41F9E8FDCD57}"
EndProject
Project("{FAE04EC0-301F-11D3-BF4B-00C04F79EFBC}") = "UnityEditor.UI", "UnityEditor.UI.csproj", "{F0D3DC6A-F248-6110-313F-FF703761DE7B}"
EndProject
Project("{FAE04EC0-301F-11D3-BF4B-00C04F79EFBC}") = "Unity.Timeline.Editor", "Unity.Timeline.Editor.csproj", "{DB85EBC4-F369-289D-24AD-C6C85365B91E}"
EndProject
Project("{FAE04EC0-301F-11D3-BF4B-00C04F79EFBC}") = "Unity.VisualStudio.Editor", "Unity.VisualStudio.Editor.csproj", "{64985524-0FDB-16B2-71BB-89C63049095B}"
EndProject
Project("{FAE04EC0-301F-11D3-BF4B-00C04F79EFBC}") = "Unity.TextMeshPro.Editor", "Unity.TextMeshPro.Editor.csproj", "{32C93F76-23B7-C069-84A9-8EC0262442E6}"
EndProject
Project("{FAE04EC0-301F-11D3-BF4B-00C04F79EFBC}") = "Unity.Rider.Editor", "Unity.Rider.Editor.csproj", "{27093476-0FA0-84C9-7DDE-320976694AD2}"
EndProject
Project("{FAE04EC0-301F-11D3-BF4B-00C04F79EFBC}") = "Unity.VSCode.Editor", "Unity.VSCode.Editor.csproj", "{806083B2-86DD-A3AA-6F14-9EAD8FED067A}"
EndProject
Project("{FAE04EC0-301F-11D3-BF4B-00C04F79EFBC}") = "Unity.CollabProxy.Editor", "Unity.CollabProxy.Editor.csproj", "{7EC5056E-FEAA-5E3C-9B53-9484BFBBBA77}"
EndProject
Project("{FAE04EC0-301F-11D3-BF4B-00C04F79EFBC}") = "EditorMigrationScripts", "EditorMigrationScripts.csproj", "{86EDC091-65FF-AE34-E841-C0DEB6559E5D}"
EndProject
Project("{FAE04EC0-301F-11D3-BF4B-00C04F79EFBC}") = "VuforiaEditorScripts", "VuforiaEditorScripts.csproj", "{7BBA9D10-20B0-02E3-892E-8D621AA69561}"
EndProject
Project("{FAE04EC0-301F-11D3-BF4B-00C04F79EFBC}") = "UnityEngine.UI", "UnityEngine.UI.Player.csproj", "{AD5E276D-0ABD-4DCF-D27F-B6EFD296EBE6}"
EndProject
Project("{FAE04EC0-301F-11D3-BF4B-00C04F79EFBC}") = "UnityEngine.TestRunner", "UnityEngine.TestRunner.Player.csproj", "{6C254FD5-0389-E74E-977B-6A2626F70986}"
EndProject
Project("{FAE04EC0-301F-11D3-BF4B-00C04F79EFBC}") = "Unity.Timeline", "Unity.Timeline.Player.csproj", "{AAA45DDC-5591-222F-B1D4-D80F6CB6F34D}"
EndProject
Project("{FAE04EC0-301F-11D3-BF4B-00C04F79EFBC}") = "CW.Common", "CW.Common.Player.csproj", "{A36602A7-0668-8B0C-60C9-EBFCC07513B7}"
EndProject
Project("{FAE04EC0-301F-11D3-BF4B-00C04F79EFBC}") = "LeanCommon", "LeanCommon.Player.csproj", "{007144CC-23F9-5AD7-9294-0803F6F2169D}"
EndProject
Project("{FAE04EC0-301F-11D3-BF4B-00C04F79EFBC}") = "Unity.TextMeshPro", "Unity.TextMeshPro.Player.csproj", "{69C7226F-D2F6-6523-21C6-6444EDEC1F56}"
EndProject
Project("{FAE04EC0-301F-11D3-BF4B-00C04F79EFBC}") = "LeanTouch", "LeanTouch.Player.csproj", "{10C01103-193F-26D3-BC69-620891EF31F4}"
EndProject
Project("{FAE04EC0-301F-11D3-BF4B-00C04F79EFBC}") = "VuforiaScripts", "VuforiaScripts.Player.csproj", "{B552AF9F-42A9-1444-9FF4-B12F80CAC357}"
EndProject
Project("{FAE04EC0-301F-11D3-BF4B-00C04F79EFBC}") = "Assembly-CSharp", "Assembly-CSharp.Player.csproj", "{8D88F53E-7F29-F78D-F0C9-8D83F1CF5382}"
EndProject
Global
	GlobalSection(SolutionConfigurationPlatforms) = preSolution
		Debug|Any CPU = Debug|Any CPU
		Release|Any CPU = Release|Any CPU
	EndGlobalSection
	GlobalSection(ProjectConfigurationPlatforms) = postSolution
		{F863CF8D-F1BD-115B-0B7E-0045119F57E5}.Debug|Any CPU.ActiveCfg = Debug|Any CPU
		{F863CF8D-F1BD-115B-0B7E-0045119F57E5}.Debug|Any CPU.Build.0 = Debug|Any CPU
		{F863CF8D-F1BD-115B-0B7E-0045119F57E5}.Release|Any CPU.ActiveCfg = Release|Any CPU
		{F863CF8D-F1BD-115B-0B7E-0045119F57E5}.Release|Any CPU.Build.0 = Release|Any CPU
		{E2C8CDB0-8ED7-73BB-78F6-2CD2F350709F}.Debug|Any CPU.ActiveCfg = Debug|Any CPU
		{E2C8CDB0-8ED7-73BB-78F6-2CD2F350709F}.Debug|Any CPU.Build.0 = Debug|Any CPU
		{E2C8CDB0-8ED7-73BB-78F6-2CD2F350709F}.Release|Any CPU.ActiveCfg = Release|Any CPU
		{E2C8CDB0-8ED7-73BB-78F6-2CD2F350709F}.Release|Any CPU.Build.0 = Release|Any CPU
		{1ED763E3-CFCF-E0C9-75DA-4040D0516CDD}.Debug|Any CPU.ActiveCfg = Debug|Any CPU
		{1ED763E3-CFCF-E0C9-75DA-4040D0516CDD}.Debug|Any CPU.Build.0 = Debug|Any CPU
		{1ED763E3-CFCF-E0C9-75DA-4040D0516CDD}.Release|Any CPU.ActiveCfg = Release|Any CPU
		{1ED763E3-CFCF-E0C9-75DA-4040D0516CDD}.Release|Any CPU.Build.0 = Release|Any CPU
		{B619503C-A89C-7744-7BBB-371144BDB18B}.Debug|Any CPU.ActiveCfg = Debug|Any CPU
		{B619503C-A89C-7744-7BBB-371144BDB18B}.Debug|Any CPU.Build.0 = Debug|Any CPU
		{B619503C-A89C-7744-7BBB-371144BDB18B}.Release|Any CPU.ActiveCfg = Release|Any CPU
		{B619503C-A89C-7744-7BBB-371144BDB18B}.Release|Any CPU.Build.0 = Release|Any CPU
		{42D0A183-5B12-B3D3-BE46-276F2684F60A}.Debug|Any CPU.ActiveCfg = Debug|Any CPU
		{42D0A183-5B12-B3D3-BE46-276F2684F60A}.Debug|Any CPU.Build.0 = Debug|Any CPU
		{42D0A183-5B12-B3D3-BE46-276F2684F60A}.Release|Any CPU.ActiveCfg = Release|Any CPU
		{42D0A183-5B12-B3D3-BE46-276F2684F60A}.Release|Any CPU.Build.0 = Release|Any CPU
		{EDAD4A00-6403-D84C-A57E-DD064CB8EBC1}.Debug|Any CPU.ActiveCfg = Debug|Any CPU
		{EDAD4A00-6403-D84C-A57E-DD064CB8EBC1}.Debug|Any CPU.Build.0 = Debug|Any CPU
		{EDAD4A00-6403-D84C-A57E-DD064CB8EBC1}.Release|Any CPU.ActiveCfg = Release|Any CPU
		{EDAD4A00-6403-D84C-A57E-DD064CB8EBC1}.Release|Any CPU.Build.0 = Release|Any CPU
		{A95CB8A4-7D9E-0D3C-7E58-7859253ADD31}.Debug|Any CPU.ActiveCfg = Debug|Any CPU
		{A95CB8A4-7D9E-0D3C-7E58-7859253ADD31}.Debug|Any CPU.Build.0 = Debug|Any CPU
		{A95CB8A4-7D9E-0D3C-7E58-7859253ADD31}.Release|Any CPU.ActiveCfg = Release|Any CPU
		{A95CB8A4-7D9E-0D3C-7E58-7859253ADD31}.Release|Any CPU.Build.0 = Release|Any CPU
		{88D82F8F-51DF-D5D1-3E65-800CFBC1A9AE}.Debug|Any CPU.ActiveCfg = Debug|Any CPU
		{88D82F8F-51DF-D5D1-3E65-800CFBC1A9AE}.Debug|Any CPU.Build.0 = Debug|Any CPU
		{88D82F8F-51DF-D5D1-3E65-800CFBC1A9AE}.Release|Any CPU.ActiveCfg = Release|Any CPU
		{88D82F8F-51DF-D5D1-3E65-800CFBC1A9AE}.Release|Any CPU.Build.0 = Release|Any CPU
		{6C50D124-D636-9C79-6861-FB7E29BF9093}.Debug|Any CPU.ActiveCfg = Debug|Any CPU
		{6C50D124-D636-9C79-6861-FB7E29BF9093}.Debug|Any CPU.Build.0 = Debug|Any CPU
		{6C50D124-D636-9C79-6861-FB7E29BF9093}.Release|Any CPU.ActiveCfg = Release|Any CPU
		{6C50D124-D636-9C79-6861-FB7E29BF9093}.Release|Any CPU.Build.0 = Release|Any CPU
		{3C6327AF-3DDF-F2C3-D73E-DE3DD3C60882}.Debug|Any CPU.ActiveCfg = Debug|Any CPU
		{3C6327AF-3DDF-F2C3-D73E-DE3DD3C60882}.Debug|Any CPU.Build.0 = Debug|Any CPU
		{3C6327AF-3DDF-F2C3-D73E-DE3DD3C60882}.Release|Any CPU.ActiveCfg = Release|Any CPU
		{3C6327AF-3DDF-F2C3-D73E-DE3DD3C60882}.Release|Any CPU.Build.0 = Release|Any CPU
		{4E29A565-20FC-A318-3358-41F9E8FDCD57}.Debug|Any CPU.ActiveCfg = Debug|Any CPU
		{4E29A565-20FC-A318-3358-41F9E8FDCD57}.Debug|Any CPU.Build.0 = Debug|Any CPU
		{4E29A565-20FC-A318-3358-41F9E8FDCD57}.Release|Any CPU.ActiveCfg = Release|Any CPU
		{4E29A565-20FC-A318-3358-41F9E8FDCD57}.Release|Any CPU.Build.0 = Release|Any CPU
		{F0D3DC6A-F248-6110-313F-FF703761DE7B}.Debug|Any CPU.ActiveCfg = Debug|Any CPU
		{F0D3DC6A-F248-6110-313F-FF703761DE7B}.Debug|Any CPU.Build.0 = Debug|Any CPU
		{F0D3DC6A-F248-6110-313F-FF703761DE7B}.Release|Any CPU.ActiveCfg = Release|Any CPU
		{F0D3DC6A-F248-6110-313F-FF703761DE7B}.Release|Any CPU.Build.0 = Release|Any CPU
		{DB85EBC4-F369-289D-24AD-C6C85365B91E}.Debug|Any CPU.ActiveCfg = Debug|Any CPU
		{DB85EBC4-F369-289D-24AD-C6C85365B91E}.Debug|Any CPU.Build.0 = Debug|Any CPU
		{DB85EBC4-F369-289D-24AD-C6C85365B91E}.Release|Any CPU.ActiveCfg = Release|Any CPU
		{DB85EBC4-F369-289D-24AD-C6C85365B91E}.Release|Any CPU.Build.0 = Release|Any CPU
		{64985524-0FDB-16B2-71BB-89C63049095B}.Debug|Any CPU.ActiveCfg = Debug|Any CPU
		{64985524-0FDB-16B2-71BB-89C63049095B}.Debug|Any CPU.Build.0 = Debug|Any CPU
		{64985524-0FDB-16B2-71BB-89C63049095B}.Release|Any CPU.ActiveCfg = Release|Any CPU
		{64985524-0FDB-16B2-71BB-89C63049095B}.Release|Any CPU.Build.0 = Release|Any CPU
		{32C93F76-23B7-C069-84A9-8EC0262442E6}.Debug|Any CPU.ActiveCfg = Debug|Any CPU
		{32C93F76-23B7-C069-84A9-8EC0262442E6}.Debug|Any CPU.Build.0 = Debug|Any CPU
		{32C93F76-23B7-C069-84A9-8EC0262442E6}.Release|Any CPU.ActiveCfg = Release|Any CPU
		{32C93F76-23B7-C069-84A9-8EC0262442E6}.Release|Any CPU.Build.0 = Release|Any CPU
		{27093476-0FA0-84C9-7DDE-320976694AD2}.Debug|Any CPU.ActiveCfg = Debug|Any CPU
		{27093476-0FA0-84C9-7DDE-320976694AD2}.Debug|Any CPU.Build.0 = Debug|Any CPU
		{27093476-0FA0-84C9-7DDE-320976694AD2}.Release|Any CPU.ActiveCfg = Release|Any CPU
		{27093476-0FA0-84C9-7DDE-320976694AD2}.Release|Any CPU.Build.0 = Release|Any CPU
		{806083B2-86DD-A3AA-6F14-9EAD8FED067A}.Debug|Any CPU.ActiveCfg = Debug|Any CPU
		{806083B2-86DD-A3AA-6F14-9EAD8FED067A}.Debug|Any CPU.Build.0 = Debug|Any CPU
		{806083B2-86DD-A3AA-6F14-9EAD8FED067A}.Release|Any CPU.ActiveCfg = Release|Any CPU
		{806083B2-86DD-A3AA-6F14-9EAD8FED067A}.Release|Any CPU.Build.0 = Release|Any CPU
		{7EC5056E-FEAA-5E3C-9B53-9484BFBBBA77}.Debug|Any CPU.ActiveCfg = Debug|Any CPU
		{7EC5056E-FEAA-5E3C-9B53-9484BFBBBA77}.Debug|Any CPU.Build.0 = Debug|Any CPU
		{7EC5056E-FEAA-5E3C-9B53-9484BFBBBA77}.Release|Any CPU.ActiveCfg = Release|Any CPU
		{7EC5056E-FEAA-5E3C-9B53-9484BFBBBA77}.Release|Any CPU.Build.0 = Release|Any CPU
		{86EDC091-65FF-AE34-E841-C0DEB6559E5D}.Debug|Any CPU.ActiveCfg = Debug|Any CPU
		{86EDC091-65FF-AE34-E841-C0DEB6559E5D}.Debug|Any CPU.Build.0 = Debug|Any CPU
		{86EDC091-65FF-AE34-E841-C0DEB6559E5D}.Release|Any CPU.ActiveCfg = Release|Any CPU
		{86EDC091-65FF-AE34-E841-C0DEB6559E5D}.Release|Any CPU.Build.0 = Release|Any CPU
		{7BBA9D10-20B0-02E3-892E-8D621AA69561}.Debug|Any CPU.ActiveCfg = Debug|Any CPU
		{7BBA9D10-20B0-02E3-892E-8D621AA69561}.Debug|Any CPU.Build.0 = Debug|Any CPU
		{7BBA9D10-20B0-02E3-892E-8D621AA69561}.Release|Any CPU.ActiveCfg = Release|Any CPU
		{7BBA9D10-20B0-02E3-892E-8D621AA69561}.Release|Any CPU.Build.0 = Release|Any CPU
		{AD5E276D-0ABD-4DCF-D27F-B6EFD296EBE6}.Debug|Any CPU.ActiveCfg = Debug|Any CPU
		{AD5E276D-0ABD-4DCF-D27F-B6EFD296EBE6}.Debug|Any CPU.Build.0 = Debug|Any CPU
		{AD5E276D-0ABD-4DCF-D27F-B6EFD296EBE6}.Release|Any CPU.ActiveCfg = Release|Any CPU
		{AD5E276D-0ABD-4DCF-D27F-B6EFD296EBE6}.Release|Any CPU.Build.0 = Release|Any CPU
		{6C254FD5-0389-E74E-977B-6A2626F70986}.Debug|Any CPU.ActiveCfg = Debug|Any CPU
		{6C254FD5-0389-E74E-977B-6A2626F70986}.Debug|Any CPU.Build.0 = Debug|Any CPU
		{6C254FD5-0389-E74E-977B-6A2626F70986}.Release|Any CPU.ActiveCfg = Release|Any CPU
		{6C254FD5-0389-E74E-977B-6A2626F70986}.Release|Any CPU.Build.0 = Release|Any CPU
		{AAA45DDC-5591-222F-B1D4-D80F6CB6F34D}.Debug|Any CPU.ActiveCfg = Debug|Any CPU
		{AAA45DDC-5591-222F-B1D4-D80F6CB6F34D}.Debug|Any CPU.Build.0 = Debug|Any CPU
		{AAA45DDC-5591-222F-B1D4-D80F6CB6F34D}.Release|Any CPU.ActiveCfg = Release|Any CPU
		{AAA45DDC-5591-222F-B1D4-D80F6CB6F34D}.Release|Any CPU.Build.0 = Release|Any CPU
		{A36602A7-0668-8B0C-60C9-EBFCC07513B7}.Debug|Any CPU.ActiveCfg = Debug|Any CPU
		{A36602A7-0668-8B0C-60C9-EBFCC07513B7}.Debug|Any CPU.Build.0 = Debug|Any CPU
		{A36602A7-0668-8B0C-60C9-EBFCC07513B7}.Release|Any CPU.ActiveCfg = Release|Any CPU
		{A36602A7-0668-8B0C-60C9-EBFCC07513B7}.Release|Any CPU.Build.0 = Release|Any CPU
		{007144CC-23F9-5AD7-9294-0803F6F2169D}.Debug|Any CPU.ActiveCfg = Debug|Any CPU
		{007144CC-23F9-5AD7-9294-0803F6F2169D}.Debug|Any CPU.Build.0 = Debug|Any CPU
		{007144CC-23F9-5AD7-9294-0803F6F2169D}.Release|Any CPU.ActiveCfg = Release|Any CPU
		{007144CC-23F9-5AD7-9294-0803F6F2169D}.Release|Any CPU.Build.0 = Release|Any CPU
		{69C7226F-D2F6-6523-21C6-6444EDEC1F56}.Debug|Any CPU.ActiveCfg = Debug|Any CPU
		{69C7226F-D2F6-6523-21C6-6444EDEC1F56}.Debug|Any CPU.Build.0 = Debug|Any CPU
		{69C7226F-D2F6-6523-21C6-6444EDEC1F56}.Release|Any CPU.ActiveCfg = Release|Any CPU
		{69C7226F-D2F6-6523-21C6-6444EDEC1F56}.Release|Any CPU.Build.0 = Release|Any CPU
		{10C01103-193F-26D3-BC69-620891EF31F4}.Debug|Any CPU.ActiveCfg = Debug|Any CPU
		{10C01103-193F-26D3-BC69-620891EF31F4}.Debug|Any CPU.Build.0 = Debug|Any CPU
		{10C01103-193F-26D3-BC69-620891EF31F4}.Release|Any CPU.ActiveCfg = Release|Any CPU
		{10C01103-193F-26D3-BC69-620891EF31F4}.Release|Any CPU.Build.0 = Release|Any CPU
		{B552AF9F-42A9-1444-9FF4-B12F80CAC357}.Debug|Any CPU.ActiveCfg = Debug|Any CPU
		{B552AF9F-42A9-1444-9FF4-B12F80CAC357}.Debug|Any CPU.Build.0 = Debug|Any CPU
		{B552AF9F-42A9-1444-9FF4-B12F80CAC357}.Release|Any CPU.ActiveCfg = Release|Any CPU
		{B552AF9F-42A9-1444-9FF4-B12F80CAC357}.Release|Any CPU.Build.0 = Release|Any CPU
		{8D88F53E-7F29-F78D-F0C9-8D83F1CF5382}.Debug|Any CPU.ActiveCfg = Debug|Any CPU
		{8D88F53E-7F29-F78D-F0C9-8D83F1CF5382}.Debug|Any CPU.Build.0 = Debug|Any CPU
		{8D88F53E-7F29-F78D-F0C9-8D83F1CF5382}.Release|Any CPU.ActiveCfg = Release|Any CPU
		{8D88F53E-7F29-F78D-F0C9-8D83F1CF5382}.Release|Any CPU.Build.0 = Release|Any CPU
	EndGlobalSection
	GlobalSection(SolutionProperties) = preSolution
		HideSolutionNode = FALSE
	EndGlobalSection
EndGlobal
