
Microsoft Visual Studio Solution File, Format Version 12.00
# Visual Studio 15
Project("{FAE04EC0-301F-11D3-BF4B-00C04F79EFBC}") = "UnityEngine.UI", "UnityEngine.UI.csproj", "{4F1FFE11-063F-1657-E15A-04A21BA7EBC2}"
EndProject
Project("{FAE04EC0-301F-11D3-BF4B-00C04F79EFBC}") = "UnityEngine.TestRunner", "UnityEngine.TestRunner.csproj", "{539C0980-BBC1-78B2-AC6C-6F2B845E81D7}"
EndProject
Project("{FAE04EC0-301F-11D3-BF4B-00C04F79EFBC}") = "Unity.Timeline", "Unity.Timeline.csproj", "{ED7A59CB-F357-A248-D259-D868F1E65319}"
EndProject
Project("{FAE04EC0-301F-11D3-BF4B-00C04F79EFBC}") = "CW.Common", "CW.Common.csproj", "{D0C38FF1-8516-A6E8-ED6C-D3ED736E23C2}"
EndProject
Project("{FAE04EC0-301F-11D3-BF4B-00C04F79EFBC}") = "LeanCommon", "LeanCommon.csproj", "{358BC702-64C8-B68E-98BF-0AB25D01758E}"
EndProject
Project("{FAE04EC0-301F-11D3-BF4B-00C04F79EFBC}") = "Assembly-CSharp", "Assembly-CSharp.csproj", "{9260B0EE-2312-A645-75F8-A5B4CBE2A0B7}"
EndProject
Project("{FAE04EC0-301F-11D3-BF4B-00C04F79EFBC}") = "Unity.TextMeshPro", "Unity.TextMeshPro.csproj", "{FB1E38C0-7756-3523-2735-50FFC6FD8D39}"
EndProject
Project("{FAE04EC0-301F-11D3-BF4B-00C04F79EFBC}") = "LeanTouch", "LeanTouch.csproj", "{40CF7C84-9168-3D77-D598-3F3D8AB32207}"
EndProject
Project("{FAE04EC0-301F-11D3-BF4B-00C04F79EFBC}") = "VuforiaScripts", "VuforiaScripts.csproj", "{350609B0-4E23-DCC5-7D2C-B40E914CDD2F}"
EndProject
Project("{FAE04EC0-301F-11D3-BF4B-00C04F79EFBC}") = "UnityEditor.TestRunner", "UnityEditor.TestRunner.csproj", "{64A09F4E-8045-AAC4-44F8-FB42C3421DC1}"
EndProject
Project("{FAE04EC0-301F-11D3-BF4B-00C04F79EFBC}") = "Unity.PlasticSCM.Editor", "Unity.PlasticSCM.Editor.csproj", "{0E20D4C0-7CEC-BC12-B56D-62C3CFC18491}"
EndProject
Project("{FAE04EC0-301F-11D3-BF4B-00C04F79EFBC}") = "UnityEditor.UI", "UnityEditor.UI.csproj", "{BC3EB14A-5467-BD7F-A05F-6324C2D05948}"
EndProject
Project("{FAE04EC0-301F-11D3-BF4B-00C04F79EFBC}") = "Unity.Timeline.Editor", "Unity.Timeline.Editor.csproj", "{657DE7B9-F310-805B-CE63-10D2E686FA84}"
EndProject
Project("{FAE04EC0-301F-11D3-BF4B-00C04F79EFBC}") = "Unity.VisualStudio.Editor", "Unity.VisualStudio.Editor.csproj", "{2DE80051-3847-96B9-B595-837D70B3D4E1}"
EndProject
Project("{FAE04EC0-301F-11D3-BF4B-00C04F79EFBC}") = "Unity.TextMeshPro.Editor", "Unity.TextMeshPro.Editor.csproj", "{BB45520F-7487-A937-9F1B-9787871C586E}"
EndProject
Project("{FAE04EC0-301F-11D3-BF4B-00C04F79EFBC}") = "Unity.Rider.Editor", "Unity.Rider.Editor.csproj", "{BF545145-A741-3DC8-80DB-92971EFEF720}"
EndProject
Project("{FAE04EC0-301F-11D3-BF4B-00C04F79EFBC}") = "Unity.VSCode.Editor", "Unity.VSCode.Editor.csproj", "{0B2756E7-16D2-FEF0-01B7-EC8F6C62FFF3}"
EndProject
Project("{FAE04EC0-301F-11D3-BF4B-00C04F79EFBC}") = "Unity.CollabProxy.Editor", "Unity.CollabProxy.Editor.csproj", "{E2D0F75E-EC91-C2D7-A690-FC09BDF271F5}"
EndProject
Project("{FAE04EC0-301F-11D3-BF4B-00C04F79EFBC}") = "EditorMigrationScripts", "EditorMigrationScripts.csproj", "{BD71EEB3-C003-9584-063F-1F9888E02250}"
EndProject
Project("{FAE04EC0-301F-11D3-BF4B-00C04F79EFBC}") = "VuforiaEditorScripts", "VuforiaEditorScripts.csproj", "{A0A95ACB-5AF7-3551-5D41-E4E8E4F298D5}"
EndProject
Project("{FAE04EC0-301F-11D3-BF4B-00C04F79EFBC}") = "UnityEngine.UI", "UnityEngine.UI.Player.csproj", "{C119B7DA-321E-B253-9893-00E7CAB60924}"
EndProject
Project("{FAE04EC0-301F-11D3-BF4B-00C04F79EFBC}") = "UnityEngine.TestRunner", "UnityEngine.TestRunner.Player.csproj", "{455702D1-E8B8-51C0-E711-2AFA6C0856F6}"
EndProject
Project("{FAE04EC0-301F-11D3-BF4B-00C04F79EFBC}") = "Unity.Timeline", "Unity.Timeline.Player.csproj", "{A2D86000-2C83-EF63-E509-B5076830B78F}"
EndProject
Project("{FAE04EC0-301F-11D3-BF4B-00C04F79EFBC}") = "CW.Common", "CW.Common.Player.csproj", "{98718B23-7FAB-3AAF-4DC1-5E8D819D244B}"
EndProject
Project("{FAE04EC0-301F-11D3-BF4B-00C04F79EFBC}") = "LeanCommon", "LeanCommon.Player.csproj", "{6F5DF699-2D91-2ECD-A0D7-CECAB7551646}"
EndProject
Project("{FAE04EC0-301F-11D3-BF4B-00C04F79EFBC}") = "Assembly-CSharp", "Assembly-CSharp.Player.csproj", "{B71B1B8B-6AF7-5F79-4A8D-D5B1BD9AC20C}"
EndProject
Project("{FAE04EC0-301F-11D3-BF4B-00C04F79EFBC}") = "Unity.TextMeshPro", "Unity.TextMeshPro.Player.csproj", "{92528782-54A6-7B19-FF4E-04508A39B81D}"
EndProject
Project("{FAE04EC0-301F-11D3-BF4B-00C04F79EFBC}") = "LeanTouch", "LeanTouch.Player.csproj", "{B6BDD6CF-9B3C-BBD8-C51B-1CC3AC66ADA9}"
EndProject
Project("{FAE04EC0-301F-11D3-BF4B-00C04F79EFBC}") = "VuforiaScripts", "VuforiaScripts.Player.csproj", "{934C6EFF-3592-5D5D-7B1A-6FFAC3F071A7}"
EndProject
Global
	GlobalSection(SolutionConfigurationPlatforms) = preSolution
		Debug|Any CPU = Debug|Any CPU
		Release|Any CPU = Release|Any CPU
	EndGlobalSection
	GlobalSection(ProjectConfigurationPlatforms) = postSolution
		{4F1FFE11-063F-1657-E15A-04A21BA7EBC2}.Debug|Any CPU.ActiveCfg = Debug|Any CPU
		{4F1FFE11-063F-1657-E15A-04A21BA7EBC2}.Debug|Any CPU.Build.0 = Debug|Any CPU
		{4F1FFE11-063F-1657-E15A-04A21BA7EBC2}.Release|Any CPU.ActiveCfg = Release|Any CPU
		{4F1FFE11-063F-1657-E15A-04A21BA7EBC2}.Release|Any CPU.Build.0 = Release|Any CPU
		{539C0980-BBC1-78B2-AC6C-6F2B845E81D7}.Debug|Any CPU.ActiveCfg = Debug|Any CPU
		{539C0980-BBC1-78B2-AC6C-6F2B845E81D7}.Debug|Any CPU.Build.0 = Debug|Any CPU
		{539C0980-BBC1-78B2-AC6C-6F2B845E81D7}.Release|Any CPU.ActiveCfg = Release|Any CPU
		{539C0980-BBC1-78B2-AC6C-6F2B845E81D7}.Release|Any CPU.Build.0 = Release|Any CPU
		{ED7A59CB-F357-A248-D259-D868F1E65319}.Debug|Any CPU.ActiveCfg = Debug|Any CPU
		{ED7A59CB-F357-A248-D259-D868F1E65319}.Debug|Any CPU.Build.0 = Debug|Any CPU
		{ED7A59CB-F357-A248-D259-D868F1E65319}.Release|Any CPU.ActiveCfg = Release|Any CPU
		{ED7A59CB-F357-A248-D259-D868F1E65319}.Release|Any CPU.Build.0 = Release|Any CPU
		{D0C38FF1-8516-A6E8-ED6C-D3ED736E23C2}.Debug|Any CPU.ActiveCfg = Debug|Any CPU
		{D0C38FF1-8516-A6E8-ED6C-D3ED736E23C2}.Debug|Any CPU.Build.0 = Debug|Any CPU
		{D0C38FF1-8516-A6E8-ED6C-D3ED736E23C2}.Release|Any CPU.ActiveCfg = Release|Any CPU
		{D0C38FF1-8516-A6E8-ED6C-D3ED736E23C2}.Release|Any CPU.Build.0 = Release|Any CPU
		{358BC702-64C8-B68E-98BF-0AB25D01758E}.Debug|Any CPU.ActiveCfg = Debug|Any CPU
		{358BC702-64C8-B68E-98BF-0AB25D01758E}.Debug|Any CPU.Build.0 = Debug|Any CPU
		{358BC702-64C8-B68E-98BF-0AB25D01758E}.Release|Any CPU.ActiveCfg = Release|Any CPU
		{358BC702-64C8-B68E-98BF-0AB25D01758E}.Release|Any CPU.Build.0 = Release|Any CPU
		{9260B0EE-2312-A645-75F8-A5B4CBE2A0B7}.Debug|Any CPU.ActiveCfg = Debug|Any CPU
		{9260B0EE-2312-A645-75F8-A5B4CBE2A0B7}.Debug|Any CPU.Build.0 = Debug|Any CPU
		{9260B0EE-2312-A645-75F8-A5B4CBE2A0B7}.Release|Any CPU.ActiveCfg = Release|Any CPU
		{9260B0EE-2312-A645-75F8-A5B4CBE2A0B7}.Release|Any CPU.Build.0 = Release|Any CPU
		{FB1E38C0-7756-3523-2735-50FFC6FD8D39}.Debug|Any CPU.ActiveCfg = Debug|Any CPU
		{FB1E38C0-7756-3523-2735-50FFC6FD8D39}.Debug|Any CPU.Build.0 = Debug|Any CPU
		{FB1E38C0-7756-3523-2735-50FFC6FD8D39}.Release|Any CPU.ActiveCfg = Release|Any CPU
		{FB1E38C0-7756-3523-2735-50FFC6FD8D39}.Release|Any CPU.Build.0 = Release|Any CPU
		{40CF7C84-9168-3D77-D598-3F3D8AB32207}.Debug|Any CPU.ActiveCfg = Debug|Any CPU
		{40CF7C84-9168-3D77-D598-3F3D8AB32207}.Debug|Any CPU.Build.0 = Debug|Any CPU
		{40CF7C84-9168-3D77-D598-3F3D8AB32207}.Release|Any CPU.ActiveCfg = Release|Any CPU
		{40CF7C84-9168-3D77-D598-3F3D8AB32207}.Release|Any CPU.Build.0 = Release|Any CPU
		{350609B0-4E23-DCC5-7D2C-B40E914CDD2F}.Debug|Any CPU.ActiveCfg = Debug|Any CPU
		{350609B0-4E23-DCC5-7D2C-B40E914CDD2F}.Debug|Any CPU.Build.0 = Debug|Any CPU
		{350609B0-4E23-DCC5-7D2C-B40E914CDD2F}.Release|Any CPU.ActiveCfg = Release|Any CPU
		{350609B0-4E23-DCC5-7D2C-B40E914CDD2F}.Release|Any CPU.Build.0 = Release|Any CPU
		{64A09F4E-8045-AAC4-44F8-FB42C3421DC1}.Debug|Any CPU.ActiveCfg = Debug|Any CPU
		{64A09F4E-8045-AAC4-44F8-FB42C3421DC1}.Debug|Any CPU.Build.0 = Debug|Any CPU
		{64A09F4E-8045-AAC4-44F8-FB42C3421DC1}.Release|Any CPU.ActiveCfg = Release|Any CPU
		{64A09F4E-8045-AAC4-44F8-FB42C3421DC1}.Release|Any CPU.Build.0 = Release|Any CPU
		{0E20D4C0-7CEC-BC12-B56D-62C3CFC18491}.Debug|Any CPU.ActiveCfg = Debug|Any CPU
		{0E20D4C0-7CEC-BC12-B56D-62C3CFC18491}.Debug|Any CPU.Build.0 = Debug|Any CPU
		{0E20D4C0-7CEC-BC12-B56D-62C3CFC18491}.Release|Any CPU.ActiveCfg = Release|Any CPU
		{0E20D4C0-7CEC-BC12-B56D-62C3CFC18491}.Release|Any CPU.Build.0 = Release|Any CPU
		{BC3EB14A-5467-BD7F-A05F-6324C2D05948}.Debug|Any CPU.ActiveCfg = Debug|Any CPU
		{BC3EB14A-5467-BD7F-A05F-6324C2D05948}.Debug|Any CPU.Build.0 = Debug|Any CPU
		{BC3EB14A-5467-BD7F-A05F-6324C2D05948}.Release|Any CPU.ActiveCfg = Release|Any CPU
		{BC3EB14A-5467-BD7F-A05F-6324C2D05948}.Release|Any CPU.Build.0 = Release|Any CPU
		{657DE7B9-F310-805B-CE63-10D2E686FA84}.Debug|Any CPU.ActiveCfg = Debug|Any CPU
		{657DE7B9-F310-805B-CE63-10D2E686FA84}.Debug|Any CPU.Build.0 = Debug|Any CPU
		{657DE7B9-F310-805B-CE63-10D2E686FA84}.Release|Any CPU.ActiveCfg = Release|Any CPU
		{657DE7B9-F310-805B-CE63-10D2E686FA84}.Release|Any CPU.Build.0 = Release|Any CPU
		{2DE80051-3847-96B9-B595-837D70B3D4E1}.Debug|Any CPU.ActiveCfg = Debug|Any CPU
		{2DE80051-3847-96B9-B595-837D70B3D4E1}.Debug|Any CPU.Build.0 = Debug|Any CPU
		{2DE80051-3847-96B9-B595-837D70B3D4E1}.Release|Any CPU.ActiveCfg = Release|Any CPU
		{2DE80051-3847-96B9-B595-837D70B3D4E1}.Release|Any CPU.Build.0 = Release|Any CPU
		{BB45520F-7487-A937-9F1B-9787871C586E}.Debug|Any CPU.ActiveCfg = Debug|Any CPU
		{BB45520F-7487-A937-9F1B-9787871C586E}.Debug|Any CPU.Build.0 = Debug|Any CPU
		{BB45520F-7487-A937-9F1B-9787871C586E}.Release|Any CPU.ActiveCfg = Release|Any CPU
		{BB45520F-7487-A937-9F1B-9787871C586E}.Release|Any CPU.Build.0 = Release|Any CPU
		{BF545145-A741-3DC8-80DB-92971EFEF720}.Debug|Any CPU.ActiveCfg = Debug|Any CPU
		{BF545145-A741-3DC8-80DB-92971EFEF720}.Debug|Any CPU.Build.0 = Debug|Any CPU
		{BF545145-A741-3DC8-80DB-92971EFEF720}.Release|Any CPU.ActiveCfg = Release|Any CPU
		{BF545145-A741-3DC8-80DB-92971EFEF720}.Release|Any CPU.Build.0 = Release|Any CPU
		{0B2756E7-16D2-FEF0-01B7-EC8F6C62FFF3}.Debug|Any CPU.ActiveCfg = Debug|Any CPU
		{0B2756E7-16D2-FEF0-01B7-EC8F6C62FFF3}.Debug|Any CPU.Build.0 = Debug|Any CPU
		{0B2756E7-16D2-FEF0-01B7-EC8F6C62FFF3}.Release|Any CPU.ActiveCfg = Release|Any CPU
		{0B2756E7-16D2-FEF0-01B7-EC8F6C62FFF3}.Release|Any CPU.Build.0 = Release|Any CPU
		{E2D0F75E-EC91-C2D7-A690-FC09BDF271F5}.Debug|Any CPU.ActiveCfg = Debug|Any CPU
		{E2D0F75E-EC91-C2D7-A690-FC09BDF271F5}.Debug|Any CPU.Build.0 = Debug|Any CPU
		{E2D0F75E-EC91-C2D7-A690-FC09BDF271F5}.Release|Any CPU.ActiveCfg = Release|Any CPU
		{E2D0F75E-EC91-C2D7-A690-FC09BDF271F5}.Release|Any CPU.Build.0 = Release|Any CPU
		{BD71EEB3-C003-9584-063F-1F9888E02250}.Debug|Any CPU.ActiveCfg = Debug|Any CPU
		{BD71EEB3-C003-9584-063F-1F9888E02250}.Debug|Any CPU.Build.0 = Debug|Any CPU
		{BD71EEB3-C003-9584-063F-1F9888E02250}.Release|Any CPU.ActiveCfg = Release|Any CPU
		{BD71EEB3-C003-9584-063F-1F9888E02250}.Release|Any CPU.Build.0 = Release|Any CPU
		{A0A95ACB-5AF7-3551-5D41-E4E8E4F298D5}.Debug|Any CPU.ActiveCfg = Debug|Any CPU
		{A0A95ACB-5AF7-3551-5D41-E4E8E4F298D5}.Debug|Any CPU.Build.0 = Debug|Any CPU
		{A0A95ACB-5AF7-3551-5D41-E4E8E4F298D5}.Release|Any CPU.ActiveCfg = Release|Any CPU
		{A0A95ACB-5AF7-3551-5D41-E4E8E4F298D5}.Release|Any CPU.Build.0 = Release|Any CPU
		{C119B7DA-321E-B253-9893-00E7CAB60924}.Debug|Any CPU.ActiveCfg = Debug|Any CPU
		{C119B7DA-321E-B253-9893-00E7CAB60924}.Debug|Any CPU.Build.0 = Debug|Any CPU
		{C119B7DA-321E-B253-9893-00E7CAB60924}.Release|Any CPU.ActiveCfg = Release|Any CPU
		{C119B7DA-321E-B253-9893-00E7CAB60924}.Release|Any CPU.Build.0 = Release|Any CPU
		{455702D1-E8B8-51C0-E711-2AFA6C0856F6}.Debug|Any CPU.ActiveCfg = Debug|Any CPU
		{455702D1-E8B8-51C0-E711-2AFA6C0856F6}.Debug|Any CPU.Build.0 = Debug|Any CPU
		{455702D1-E8B8-51C0-E711-2AFA6C0856F6}.Release|Any CPU.ActiveCfg = Release|Any CPU
		{455702D1-E8B8-51C0-E711-2AFA6C0856F6}.Release|Any CPU.Build.0 = Release|Any CPU
		{A2D86000-2C83-EF63-E509-B5076830B78F}.Debug|Any CPU.ActiveCfg = Debug|Any CPU
		{A2D86000-2C83-EF63-E509-B5076830B78F}.Debug|Any CPU.Build.0 = Debug|Any CPU
		{A2D86000-2C83-EF63-E509-B5076830B78F}.Release|Any CPU.ActiveCfg = Release|Any CPU
		{A2D86000-2C83-EF63-E509-B5076830B78F}.Release|Any CPU.Build.0 = Release|Any CPU
		{98718B23-7FAB-3AAF-4DC1-5E8D819D244B}.Debug|Any CPU.ActiveCfg = Debug|Any CPU
		{98718B23-7FAB-3AAF-4DC1-5E8D819D244B}.Debug|Any CPU.Build.0 = Debug|Any CPU
		{98718B23-7FAB-3AAF-4DC1-5E8D819D244B}.Release|Any CPU.ActiveCfg = Release|Any CPU
		{98718B23-7FAB-3AAF-4DC1-5E8D819D244B}.Release|Any CPU.Build.0 = Release|Any CPU
		{6F5DF699-2D91-2ECD-A0D7-CECAB7551646}.Debug|Any CPU.ActiveCfg = Debug|Any CPU
		{6F5DF699-2D91-2ECD-A0D7-CECAB7551646}.Debug|Any CPU.Build.0 = Debug|Any CPU
		{6F5DF699-2D91-2ECD-A0D7-CECAB7551646}.Release|Any CPU.ActiveCfg = Release|Any CPU
		{6F5DF699-2D91-2ECD-A0D7-CECAB7551646}.Release|Any CPU.Build.0 = Release|Any CPU
		{B71B1B8B-6AF7-5F79-4A8D-D5B1BD9AC20C}.Debug|Any CPU.ActiveCfg = Debug|Any CPU
		{B71B1B8B-6AF7-5F79-4A8D-D5B1BD9AC20C}.Debug|Any CPU.Build.0 = Debug|Any CPU
		{B71B1B8B-6AF7-5F79-4A8D-D5B1BD9AC20C}.Release|Any CPU.ActiveCfg = Release|Any CPU
		{B71B1B8B-6AF7-5F79-4A8D-D5B1BD9AC20C}.Release|Any CPU.Build.0 = Release|Any CPU
		{92528782-54A6-7B19-FF4E-04508A39B81D}.Debug|Any CPU.ActiveCfg = Debug|Any CPU
		{92528782-54A6-7B19-FF4E-04508A39B81D}.Debug|Any CPU.Build.0 = Debug|Any CPU
		{92528782-54A6-7B19-FF4E-04508A39B81D}.Release|Any CPU.ActiveCfg = Release|Any CPU
		{92528782-54A6-7B19-FF4E-04508A39B81D}.Release|Any CPU.Build.0 = Release|Any CPU
		{B6BDD6CF-9B3C-BBD8-C51B-1CC3AC66ADA9}.Debug|Any CPU.ActiveCfg = Debug|Any CPU
		{B6BDD6CF-9B3C-BBD8-C51B-1CC3AC66ADA9}.Debug|Any CPU.Build.0 = Debug|Any CPU
		{B6BDD6CF-9B3C-BBD8-C51B-1CC3AC66ADA9}.Release|Any CPU.ActiveCfg = Release|Any CPU
		{B6BDD6CF-9B3C-BBD8-C51B-1CC3AC66ADA9}.Release|Any CPU.Build.0 = Release|Any CPU
		{934C6EFF-3592-5D5D-7B1A-6FFAC3F071A7}.Debug|Any CPU.ActiveCfg = Debug|Any CPU
		{934C6EFF-3592-5D5D-7B1A-6FFAC3F071A7}.Debug|Any CPU.Build.0 = Debug|Any CPU
		{934C6EFF-3592-5D5D-7B1A-6FFAC3F071A7}.Release|Any CPU.ActiveCfg = Release|Any CPU
		{934C6EFF-3592-5D5D-7B1A-6FFAC3F071A7}.Release|Any CPU.Build.0 = Release|Any CPU
	EndGlobalSection
	GlobalSection(SolutionProperties) = preSolution
		HideSolutionNode = FALSE
	EndGlobalSection
EndGlobal
